
Microsoft Visual Studio Solution File, Format Version 12.00
# Visual Studio Version 16
VisualStudioVersion = 16.0.31624.102
MinimumVisualStudioVersion = 10.0.40219.1
Project("{FAE04EC0-301F-11D3-BF4B-00C04F79EFBC}") = "LINQMethod-OTUS", "LINQMethod-OTUS.csproj", "{292500EA-D1C5-42B2-94C6-10F910C1F63B}"
EndProject
Global
	GlobalSection(SolutionConfigurationPlatforms) = preSolution
		Debug|Any CPU = Debug|Any CPU
		Release|Any CPU = Release|Any CPU
	EndGlobalSection
	GlobalSection(ProjectConfigurationPlatforms) = postSolution
		{292500EA-D1C5-42B2-94C6-10F910C1F63B}.Debug|Any CPU.ActiveCfg = Debug|Any CPU
		{292500EA-D1C5-42B2-94C6-10F910C1F63B}.Debug|Any CPU.Build.0 = Debug|Any CPU
		{292500EA-D1C5-42B2-94C6-10F910C1F63B}.Release|Any CPU.ActiveCfg = Release|Any CPU
		{292500EA-D1C5-42B2-94C6-10F910C1F63B}.Release|Any CPU.Build.0 = Release|Any CPU
	EndGlobalSection
	GlobalSection(SolutionProperties) = preSolution
		HideSolutionNode = FALSE
	EndGlobalSection
	GlobalSection(ExtensibilityGlobals) = postSolution
		SolutionGuid = {186F9A3A-D9CD-41D8-9093-CCA417D37A14}
	EndGlobalSection
EndGlobal
